// !$*UTF8*$!
{
	archiveVersion = 1;
	classes = {
	};
	objectVersion = 51;
	objects = {

/* Begin PBXBuildFile section */
		1E4EF7C043819D6DF8DA5656 /* Pods_RxPracticing.framework in Frameworks */ = {isa = PBXBuildFile; fileRef = 75EE5269BB6729ACB929FBBB /* Pods_RxPracticing.framework */; };
		8700E92A24B8D70000D88B6A /* NamerViewController.swift in Sources */ = {isa = PBXBuildFile; fileRef = 8700E92924B8D70000D88B6A /* NamerViewController.swift */; };
		875147A124B66BA9003EB302 /* Variables.swift in Sources */ = {isa = PBXBuildFile; fileRef = 875147A024B66BA9003EB302 /* Variables.swift */; };
		875147A324B68064003EB302 /* Maps.swift in Sources */ = {isa = PBXBuildFile; fileRef = 875147A224B68064003EB302 /* Maps.swift */; };
		875147A524B686E2003EB302 /* FlatMaps.swift in Sources */ = {isa = PBXBuildFile; fileRef = 875147A424B686E2003EB302 /* FlatMaps.swift */; };
		875CFC4724B3D0D6001684DA /* AppDelegate.swift in Sources */ = {isa = PBXBuildFile; fileRef = 875CFC4624B3D0D6001684DA /* AppDelegate.swift */; };
		875CFC4924B3D0D7001684DA /* SceneDelegate.swift in Sources */ = {isa = PBXBuildFile; fileRef = 875CFC4824B3D0D7001684DA /* SceneDelegate.swift */; };
		875CFC4B24B3D0D7001684DA /* PracticingViewController.swift in Sources */ = {isa = PBXBuildFile; fileRef = 875CFC4A24B3D0D7001684DA /* PracticingViewController.swift */; };
		875CFC4E24B3D0D7001684DA /* Main.storyboard in Resources */ = {isa = PBXBuildFile; fileRef = 875CFC4C24B3D0D7001684DA /* Main.storyboard */; };
		875CFC5024B3D0D8001684DA /* Assets.xcassets in Resources */ = {isa = PBXBuildFile; fileRef = 875CFC4F24B3D0D8001684DA /* Assets.xcassets */; };
		875CFC5324B3D0D8001684DA /* LaunchScreen.storyboard in Resources */ = {isa = PBXBuildFile; fileRef = 875CFC5124B3D0D8001684DA /* LaunchScreen.storyboard */; };
		875CFC5C24B3D197001684DA /* Observables.swift in Sources */ = {isa = PBXBuildFile; fileRef = 875CFC5B24B3D197001684DA /* Observables.swift */; };
		875CFC5F24B3DC0D001684DA /* PublishSubject.swift in Sources */ = {isa = PBXBuildFile; fileRef = 875CFC5E24B3DC0D001684DA /* PublishSubject.swift */; };
		875CFC6124B3F616001684DA /* BehaviorSubjects.swift in Sources */ = {isa = PBXBuildFile; fileRef = 875CFC6024B3F616001684DA /* BehaviorSubjects.swift */; };
		875EF65E24BA043A001D1360 /* TrendingFeedsViewController.swift in Sources */ = {isa = PBXBuildFile; fileRef = 875EF65D24BA043A001D1360 /* TrendingFeedsViewController.swift */; };
		875EF66024BA044B001D1360 /* SearchViewController.swift in Sources */ = {isa = PBXBuildFile; fileRef = 875EF65F24BA044B001D1360 /* SearchViewController.swift */; };
		875EF66224BA0F61001D1360 /* RoundedBorderButton.swift in Sources */ = {isa = PBXBuildFile; fileRef = 875EF66124BA0F61001D1360 /* RoundedBorderButton.swift */; };
		875EF66424BA1305001D1360 /* RoundBoarderTextField.swift in Sources */ = {isa = PBXBuildFile; fileRef = 875EF66324BA1305001D1360 /* RoundBoarderTextField.swift */; };
		875EF66724BA203D001D1360 /* Repo.swift in Sources */ = {isa = PBXBuildFile; fileRef = 875EF66624BA203D001D1360 /* Repo.swift */; };
		875EF66A24BA25F8001D1360 /* TrendingRepoCell.swift in Sources */ = {isa = PBXBuildFile; fileRef = 875EF66924BA25F8001D1360 /* TrendingRepoCell.swift */; };
		875EF66D24BA3B44001D1360 /* Constants.swift in Sources */ = {isa = PBXBuildFile; fileRef = 875EF66C24BA3B44001D1360 /* Constants.swift */; };
		875EF67024BA405C001D1360 /* NetworkLayer.swift in Sources */ = {isa = PBXBuildFile; fileRef = 875EF66F24BA405C001D1360 /* NetworkLayer.swift */; };
		875EF67224BA6A84001D1360 /* SearchTableViewCell.swift in Sources */ = {isa = PBXBuildFile; fileRef = 875EF67124BA6A84001D1360 /* SearchTableViewCell.swift */; };
		875EF67524BA98BF001D1360 /* UIViewController + Safari.swift in Sources */ = {isa = PBXBuildFile; fileRef = 875EF67424BA98BF001D1360 /* UIViewController + Safari.swift */; };
		875EF67724BA98E7001D1360 /* Date + today.swift in Sources */ = {isa = PBXBuildFile; fileRef = 875EF67624BA98E7001D1360 /* Date + today.swift */; };
		875EF67924BA990C001D1360 /* UIButton + Colors.swift in Sources */ = {isa = PBXBuildFile; fileRef = 875EF67824BA990C001D1360 /* UIButton + Colors.swift */; };
		877F122524B7DB45006B912C /* Filters.swift in Sources */ = {isa = PBXBuildFile; fileRef = 877F122424B7DB45006B912C /* Filters.swift */; };
		877F122724B7EE4C006B912C /* Zip.swift in Sources */ = {isa = PBXBuildFile; fileRef = 877F122624B7EE4C006B912C /* Zip.swift */; };
		87B0F80824B536BE00585BBE /* ReplaySubjects.swift in Sources */ = {isa = PBXBuildFile; fileRef = 87B0F80724B536BE00585BBE /* ReplaySubjects.swift */; };
		87DEF44124B93DAE00D354C2 /* AddNameViewController.swift in Sources */ = {isa = PBXBuildFile; fileRef = 87DEF44024B93DAE00D354C2 /* AddNameViewController.swift */; };
/* End PBXBuildFile section */

/* Begin PBXFileReference section */
		75EE5269BB6729ACB929FBBB /* Pods_RxPracticing.framework */ = {isa = PBXFileReference; explicitFileType = wrapper.framework; includeInIndex = 0; path = Pods_RxPracticing.framework; sourceTree = BUILT_PRODUCTS_DIR; };
		76A58E9955929E86AD40C8B9 /* Pods-RxPracticing.debug.xcconfig */ = {isa = PBXFileReference; includeInIndex = 1; lastKnownFileType = text.xcconfig; name = "Pods-RxPracticing.debug.xcconfig"; path = "Target Support Files/Pods-RxPracticing/Pods-RxPracticing.debug.xcconfig"; sourceTree = "<group>"; };
		8700E92924B8D70000D88B6A /* NamerViewController.swift */ = {isa = PBXFileReference; lastKnownFileType = sourcecode.swift; path = NamerViewController.swift; sourceTree = "<group>"; };
		875147A024B66BA9003EB302 /* Variables.swift */ = {isa = PBXFileReference; lastKnownFileType = sourcecode.swift; path = Variables.swift; sourceTree = "<group>"; };
		875147A224B68064003EB302 /* Maps.swift */ = {isa = PBXFileReference; lastKnownFileType = sourcecode.swift; path = Maps.swift; sourceTree = "<group>"; };
		875147A424B686E2003EB302 /* FlatMaps.swift */ = {isa = PBXFileReference; lastKnownFileType = sourcecode.swift; path = FlatMaps.swift; sourceTree = "<group>"; };
		875CFC4324B3D0D6001684DA /* RxPracticing.app */ = {isa = PBXFileReference; explicitFileType = wrapper.application; includeInIndex = 0; path = RxPracticing.app; sourceTree = BUILT_PRODUCTS_DIR; };
		875CFC4624B3D0D6001684DA /* AppDelegate.swift */ = {isa = PBXFileReference; lastKnownFileType = sourcecode.swift; path = AppDelegate.swift; sourceTree = "<group>"; };
		875CFC4824B3D0D7001684DA /* SceneDelegate.swift */ = {isa = PBXFileReference; lastKnownFileType = sourcecode.swift; path = SceneDelegate.swift; sourceTree = "<group>"; };
		875CFC4A24B3D0D7001684DA /* PracticingViewController.swift */ = {isa = PBXFileReference; lastKnownFileType = sourcecode.swift; path = PracticingViewController.swift; sourceTree = "<group>"; };
		875CFC4D24B3D0D7001684DA /* Base */ = {isa = PBXFileReference; lastKnownFileType = file.storyboard; name = Base; path = Base.lproj/Main.storyboard; sourceTree = "<group>"; };
		875CFC4F24B3D0D8001684DA /* Assets.xcassets */ = {isa = PBXFileReference; lastKnownFileType = folder.assetcatalog; path = Assets.xcassets; sourceTree = "<group>"; };
		875CFC5224B3D0D8001684DA /* Base */ = {isa = PBXFileReference; lastKnownFileType = file.storyboard; name = Base; path = Base.lproj/LaunchScreen.storyboard; sourceTree = "<group>"; };
		875CFC5424B3D0D8001684DA /* Info.plist */ = {isa = PBXFileReference; lastKnownFileType = text.plist.xml; path = Info.plist; sourceTree = "<group>"; };
		875CFC5B24B3D197001684DA /* Observables.swift */ = {isa = PBXFileReference; lastKnownFileType = sourcecode.swift; path = Observables.swift; sourceTree = "<group>"; };
		875CFC5E24B3DC0D001684DA /* PublishSubject.swift */ = {isa = PBXFileReference; lastKnownFileType = sourcecode.swift; path = PublishSubject.swift; sourceTree = "<group>"; };
		875CFC6024B3F616001684DA /* BehaviorSubjects.swift */ = {isa = PBXFileReference; lastKnownFileType = sourcecode.swift; path = BehaviorSubjects.swift; sourceTree = "<group>"; };
		875EF65D24BA043A001D1360 /* TrendingFeedsViewController.swift */ = {isa = PBXFileReference; lastKnownFileType = sourcecode.swift; path = TrendingFeedsViewController.swift; sourceTree = "<group>"; };
		875EF65F24BA044B001D1360 /* SearchViewController.swift */ = {isa = PBXFileReference; lastKnownFileType = sourcecode.swift; path = SearchViewController.swift; sourceTree = "<group>"; };
		875EF66124BA0F61001D1360 /* RoundedBorderButton.swift */ = {isa = PBXFileReference; lastKnownFileType = sourcecode.swift; path = RoundedBorderButton.swift; sourceTree = "<group>"; };
		875EF66324BA1305001D1360 /* RoundBoarderTextField.swift */ = {isa = PBXFileReference; lastKnownFileType = sourcecode.swift; path = RoundBoarderTextField.swift; sourceTree = "<group>"; };
		875EF66624BA203D001D1360 /* Repo.swift */ = {isa = PBXFileReference; lastKnownFileType = sourcecode.swift; path = Repo.swift; sourceTree = "<group>"; };
		875EF66924BA25F8001D1360 /* TrendingRepoCell.swift */ = {isa = PBXFileReference; lastKnownFileType = sourcecode.swift; path = TrendingRepoCell.swift; sourceTree = "<group>"; };
		875EF66C24BA3B44001D1360 /* Constants.swift */ = {isa = PBXFileReference; lastKnownFileType = sourcecode.swift; path = Constants.swift; sourceTree = "<group>"; };
		875EF66F24BA405C001D1360 /* NetworkLayer.swift */ = {isa = PBXFileReference; lastKnownFileType = sourcecode.swift; path = NetworkLayer.swift; sourceTree = "<group>"; };
		875EF67124BA6A84001D1360 /* SearchTableViewCell.swift */ = {isa = PBXFileReference; lastKnownFileType = sourcecode.swift; path = SearchTableViewCell.swift; sourceTree = "<group>"; };
		875EF67424BA98BF001D1360 /* UIViewController + Safari.swift */ = {isa = PBXFileReference; lastKnownFileType = sourcecode.swift; path = "UIViewController + Safari.swift"; sourceTree = "<group>"; };
		875EF67624BA98E7001D1360 /* Date + today.swift */ = {isa = PBXFileReference; lastKnownFileType = sourcecode.swift; path = "Date + today.swift"; sourceTree = "<group>"; };
		875EF67824BA990C001D1360 /* UIButton + Colors.swift */ = {isa = PBXFileReference; lastKnownFileType = sourcecode.swift; path = "UIButton + Colors.swift"; sourceTree = "<group>"; };
		877F122424B7DB45006B912C /* Filters.swift */ = {isa = PBXFileReference; lastKnownFileType = sourcecode.swift; path = Filters.swift; sourceTree = "<group>"; };
		877F122624B7EE4C006B912C /* Zip.swift */ = {isa = PBXFileReference; lastKnownFileType = sourcecode.swift; path = Zip.swift; sourceTree = "<group>"; };
		87B0F80724B536BE00585BBE /* ReplaySubjects.swift */ = {isa = PBXFileReference; lastKnownFileType = sourcecode.swift; path = ReplaySubjects.swift; sourceTree = "<group>"; };
		87DEF44024B93DAE00D354C2 /* AddNameViewController.swift */ = {isa = PBXFileReference; lastKnownFileType = sourcecode.swift; path = AddNameViewController.swift; sourceTree = "<group>"; };
		EB58875CEB9A276EA689D003 /* Pods-RxPracticing.release.xcconfig */ = {isa = PBXFileReference; includeInIndex = 1; lastKnownFileType = text.xcconfig; name = "Pods-RxPracticing.release.xcconfig"; path = "Target Support Files/Pods-RxPracticing/Pods-RxPracticing.release.xcconfig"; sourceTree = "<group>"; };
/* End PBXFileReference section */

/* Begin PBXFrameworksBuildPhase section */
		875CFC4024B3D0D6001684DA /* Frameworks */ = {
			isa = PBXFrameworksBuildPhase;
			buildActionMask = 2147483647;
			files = (
				1E4EF7C043819D6DF8DA5656 /* Pods_RxPracticing.framework in Frameworks */,
			);
			runOnlyForDeploymentPostprocessing = 0;
		};
/* End PBXFrameworksBuildPhase section */

/* Begin PBXGroup section */
		217A7EC55EF55D60F126B291 /* Pods */ = {
			isa = PBXGroup;
			children = (
				76A58E9955929E86AD40C8B9 /* Pods-RxPracticing.debug.xcconfig */,
				EB58875CEB9A276EA689D003 /* Pods-RxPracticing.release.xcconfig */,
			);
			path = Pods;
			sourceTree = "<group>";
		};
		875CFC3A24B3D0D6001684DA = {
			isa = PBXGroup;
			children = (
				875CFC4524B3D0D6001684DA /* RxPracticing */,
				875CFC4424B3D0D6001684DA /* Products */,
				217A7EC55EF55D60F126B291 /* Pods */,
				D58D08013C3A35D1E9FA92E8 /* Frameworks */,
			);
			sourceTree = "<group>";
		};
		875CFC4424B3D0D6001684DA /* Products */ = {
			isa = PBXGroup;
			children = (
				875CFC4324B3D0D6001684DA /* RxPracticing.app */,
			);
			name = Products;
			sourceTree = "<group>";
		};
		875CFC4524B3D0D6001684DA /* RxPracticing */ = {
			isa = PBXGroup;
			children = (
				875EF65C24BA027E001D1360 /* Versi App */,
				87DEF44424B9466100D354C2 /* Namer Demo */,
				875CFC5A24B3D15E001684DA /* Practicing */,
				875CFC4624B3D0D6001684DA /* AppDelegate.swift */,
				875CFC4824B3D0D7001684DA /* SceneDelegate.swift */,
				875CFC4C24B3D0D7001684DA /* Main.storyboard */,
				875CFC4F24B3D0D8001684DA /* Assets.xcassets */,
				875CFC5124B3D0D8001684DA /* LaunchScreen.storyboard */,
				875CFC5424B3D0D8001684DA /* Info.plist */,
			);
			path = RxPracticing;
			sourceTree = "<group>";
		};
		875CFC5A24B3D15E001684DA /* Practicing */ = {
			isa = PBXGroup;
			children = (
				875CFC5B24B3D197001684DA /* Observables.swift */,
				875CFC5E24B3DC0D001684DA /* PublishSubject.swift */,
				875CFC6024B3F616001684DA /* BehaviorSubjects.swift */,
				87B0F80724B536BE00585BBE /* ReplaySubjects.swift */,
				875147A024B66BA9003EB302 /* Variables.swift */,
				875147A224B68064003EB302 /* Maps.swift */,
				875147A424B686E2003EB302 /* FlatMaps.swift */,
				877F122424B7DB45006B912C /* Filters.swift */,
				877F122624B7EE4C006B912C /* Zip.swift */,
				875CFC4A24B3D0D7001684DA /* PracticingViewController.swift */,
			);
			path = Practicing;
			sourceTree = "<group>";
		};
		875EF65C24BA027E001D1360 /* Versi App */ = {
			isa = PBXGroup;
			children = (
				875EF67324BA98A6001D1360 /* Extensions */,
				875EF66E24BA4049001D1360 /* NetworkLayer */,
				875EF66B24BA3B2A001D1360 /* Utilities */,
				875EF66824BA25C3001D1360 /* View */,
				875EF66524BA201D001D1360 /* Model */,
				875EF65D24BA043A001D1360 /* TrendingFeedsViewController.swift */,
				875EF65F24BA044B001D1360 /* SearchViewController.swift */,
				875EF66124BA0F61001D1360 /* RoundedBorderButton.swift */,
				875EF66324BA1305001D1360 /* RoundBoarderTextField.swift */,
			);
			path = "Versi App";
			sourceTree = "<group>";
		};
		875EF66524BA201D001D1360 /* Model */ = {
			isa = PBXGroup;
			children = (
				875EF66624BA203D001D1360 /* Repo.swift */,
			);
			path = Model;
			sourceTree = "<group>";
		};
		875EF66824BA25C3001D1360 /* View */ = {
			isa = PBXGroup;
			children = (
				875EF66924BA25F8001D1360 /* TrendingRepoCell.swift */,
				875EF67124BA6A84001D1360 /* SearchTableViewCell.swift */,
			);
			name = View;
			sourceTree = "<group>";
		};
		875EF66B24BA3B2A001D1360 /* Utilities */ = {
			isa = PBXGroup;
			children = (
				875EF66C24BA3B44001D1360 /* Constants.swift */,
			);
			path = Utilities;
			sourceTree = "<group>";
		};
		875EF66E24BA4049001D1360 /* NetworkLayer */ = {
			isa = PBXGroup;
			children = (
				875EF66F24BA405C001D1360 /* NetworkLayer.swift */,
			);
			path = NetworkLayer;
			sourceTree = "<group>";
		};
		875EF67324BA98A6001D1360 /* Extensions */ = {
			isa = PBXGroup;
			children = (
				875EF67424BA98BF001D1360 /* UIViewController + Safari.swift */,
				875EF67624BA98E7001D1360 /* Date + today.swift */,
				875EF67824BA990C001D1360 /* UIButton + Colors.swift */,
			);
			path = Extensions;
			sourceTree = "<group>";
		};
		87DEF44424B9466100D354C2 /* Namer Demo */ = {
			isa = PBXGroup;
			children = (
				8700E92924B8D70000D88B6A /* NamerViewController.swift */,
				87DEF44024B93DAE00D354C2 /* AddNameViewController.swift */,
			);
			path = "Namer Demo";
			sourceTree = "<group>";
		};
		D58D08013C3A35D1E9FA92E8 /* Frameworks */ = {
			isa = PBXGroup;
			children = (
				75EE5269BB6729ACB929FBBB /* Pods_RxPracticing.framework */,
			);
			name = Frameworks;
			sourceTree = "<group>";
		};
/* End PBXGroup section */

/* Begin PBXNativeTarget section */
		875CFC4224B3D0D6001684DA /* RxPracticing */ = {
			isa = PBXNativeTarget;
			buildConfigurationList = 875CFC5724B3D0D8001684DA /* Build configuration list for PBXNativeTarget "RxPracticing" */;
			buildPhases = (
				B5E8AED24A77F16A5F132153 /* [CP] Check Pods Manifest.lock */,
				875CFC3F24B3D0D6001684DA /* Sources */,
				875CFC4024B3D0D6001684DA /* Frameworks */,
				875CFC4124B3D0D6001684DA /* Resources */,
				78D7D5520A9611E539DAAE8F /* [CP] Embed Pods Frameworks */,
			);
			buildRules = (
			);
			dependencies = (
			);
			name = RxPracticing;
			productName = RxPracticing;
			productReference = 875CFC4324B3D0D6001684DA /* RxPracticing.app */;
			productType = "com.apple.product-type.application";
		};
/* End PBXNativeTarget section */

/* Begin PBXProject section */
		875CFC3B24B3D0D6001684DA /* Project object */ = {
			isa = PBXProject;
			attributes = {
				LastSwiftUpdateCheck = 1120;
				LastUpgradeCheck = 1120;
				ORGANIZATIONNAME = "Mohamed Korany Ali";
				TargetAttributes = {
					875CFC4224B3D0D6001684DA = {
						CreatedOnToolsVersion = 11.2.1;
					};
				};
			};
			buildConfigurationList = 875CFC3E24B3D0D6001684DA /* Build configuration list for PBXProject "RxPracticing" */;
			compatibilityVersion = "Xcode 9.3";
			developmentRegion = en;
			hasScannedForEncodings = 0;
			knownRegions = (
				en,
				Base,
			);
			mainGroup = 875CFC3A24B3D0D6001684DA;
			productRefGroup = 875CFC4424B3D0D6001684DA /* Products */;
			projectDirPath = "";
			projectRoot = "";
			targets = (
				875CFC4224B3D0D6001684DA /* RxPracticing */,
			);
		};
/* End PBXProject section */

/* Begin PBXResourcesBuildPhase section */
		875CFC4124B3D0D6001684DA /* Resources */ = {
			isa = PBXResourcesBuildPhase;
			buildActionMask = 2147483647;
			files = (
				875CFC5324B3D0D8001684DA /* LaunchScreen.storyboard in Resources */,
				875CFC5024B3D0D8001684DA /* Assets.xcassets in Resources */,
				875CFC4E24B3D0D7001684DA /* Main.storyboard in Resources */,
			);
			runOnlyForDeploymentPostprocessing = 0;
		};
/* End PBXResourcesBuildPhase section */

/* Begin PBXShellScriptBuildPhase section */
		78D7D5520A9611E539DAAE8F /* [CP] Embed Pods Frameworks */ = {
			isa = PBXShellScriptBuildPhase;
			buildActionMask = 2147483647;
			files = (
			);
			inputFileListPaths = (
				"${PODS_ROOT}/Target Support Files/Pods-RxPracticing/Pods-RxPracticing-frameworks-${CONFIGURATION}-input-files.xcfilelist",
			);
			name = "[CP] Embed Pods Frameworks";
			outputFileListPaths = (
				"${PODS_ROOT}/Target Support Files/Pods-RxPracticing/Pods-RxPracticing-frameworks-${CONFIGURATION}-output-files.xcfilelist",
			);
			runOnlyForDeploymentPostprocessing = 0;
			shellPath = /bin/sh;
			shellScript = "\"${PODS_ROOT}/Target Support Files/Pods-RxPracticing/Pods-RxPracticing-frameworks.sh\"\n";
			showEnvVarsInLog = 0;
		};
		B5E8AED24A77F16A5F132153 /* [CP] Check Pods Manifest.lock */ = {
			isa = PBXShellScriptBuildPhase;
			buildActionMask = 2147483647;
			files = (
			);
			inputFileListPaths = (
			);
			inputPaths = (
				"${PODS_PODFILE_DIR_PATH}/Podfile.lock",
				"${PODS_ROOT}/Manifest.lock",
			);
			name = "[CP] Check Pods Manifest.lock";
			outputFileListPaths = (
			);
			outputPaths = (
				"$(DERIVED_FILE_DIR)/Pods-RxPracticing-checkManifestLockResult.txt",
			);
			runOnlyForDeploymentPostprocessing = 0;
			shellPath = /bin/sh;
			shellScript = "diff \"${PODS_PODFILE_DIR_PATH}/Podfile.lock\" \"${PODS_ROOT}/Manifest.lock\" > /dev/null\nif [ $? != 0 ] ; then\n    # print error to STDERR\n    echo \"error: The sandbox is not in sync with the Podfile.lock. Run 'pod install' or update your CocoaPods installation.\" >&2\n    exit 1\nfi\n# This output is used by Xcode 'outputs' to avoid re-running this script phase.\necho \"SUCCESS\" > \"${SCRIPT_OUTPUT_FILE_0}\"\n";
			showEnvVarsInLog = 0;
		};
/* End PBXShellScriptBuildPhase section */

/* Begin PBXSourcesBuildPhase section */
		875CFC3F24B3D0D6001684DA /* Sources */ = {
			isa = PBXSourcesBuildPhase;
			buildActionMask = 2147483647;
			files = (
				875CFC6124B3F616001684DA /* BehaviorSubjects.swift in Sources */,
				875CFC5F24B3DC0D001684DA /* PublishSubject.swift in Sources */,
				875147A324B68064003EB302 /* Maps.swift in Sources */,
				875CFC5C24B3D197001684DA /* Observables.swift in Sources */,
				875EF66424BA1305001D1360 /* RoundBoarderTextField.swift in Sources */,
				877F122524B7DB45006B912C /* Filters.swift in Sources */,
				8700E92A24B8D70000D88B6A /* NamerViewController.swift in Sources */,
				875EF65E24BA043A001D1360 /* TrendingFeedsViewController.swift in Sources */,
				875EF67524BA98BF001D1360 /* UIViewController + Safari.swift in Sources */,
				875EF67224BA6A84001D1360 /* SearchTableViewCell.swift in Sources */,
				875EF66224BA0F61001D1360 /* RoundedBorderButton.swift in Sources */,
				875147A124B66BA9003EB302 /* Variables.swift in Sources */,
				87DEF44124B93DAE00D354C2 /* AddNameViewController.swift in Sources */,
				875EF66D24BA3B44001D1360 /* Constants.swift in Sources */,
				875147A524B686E2003EB302 /* FlatMaps.swift in Sources */,
				875EF66024BA044B001D1360 /* SearchViewController.swift in Sources */,
				875CFC4B24B3D0D7001684DA /* PracticingViewController.swift in Sources */,
				875EF67924BA990C001D1360 /* UIButton + Colors.swift in Sources */,
				875EF66A24BA25F8001D1360 /* TrendingRepoCell.swift in Sources */,
				875EF67024BA405C001D1360 /* NetworkLayer.swift in Sources */,
				875CFC4724B3D0D6001684DA /* AppDelegate.swift in Sources */,
				87B0F80824B536BE00585BBE /* ReplaySubjects.swift in Sources */,
				875EF67724BA98E7001D1360 /* Date + today.swift in Sources */,
				875CFC4924B3D0D7001684DA /* SceneDelegate.swift in Sources */,
				877F122724B7EE4C006B912C /* Zip.swift in Sources */,
				875EF66724BA203D001D1360 /* Repo.swift in Sources */,
			);
			runOnlyForDeploymentPostprocessing = 0;
		};
/* End PBXSourcesBuildPhase section */

/* Begin PBXVariantGroup section */
		875CFC4C24B3D0D7001684DA /* Main.storyboard */ = {
			isa = PBXVariantGroup;
			children = (
				875CFC4D24B3D0D7001684DA /* Base */,
			);
			name = Main.storyboard;
			sourceTree = "<group>";
		};
		875CFC5124B3D0D8001684DA /* LaunchScreen.storyboard */ = {
			isa = PBXVariantGroup;
			children = (
				875CFC5224B3D0D8001684DA /* Base */,
			);
			name = LaunchScreen.storyboard;
			sourceTree = "<group>";
		};
/* End PBXVariantGroup section */

/* Begin XCBuildConfiguration section */
		875CFC5524B3D0D8001684DA /* Debug */ = {
			isa = XCBuildConfiguration;
			buildSettings = {
				ALWAYS_SEARCH_USER_PATHS = NO;
				CLANG_ANALYZER_NONNULL = YES;
				CLANG_ANALYZER_NUMBER_OBJECT_CONVERSION = YES_AGGRESSIVE;
				CLANG_CXX_LANGUAGE_STANDARD = "gnu++14";
				CLANG_CXX_LIBRARY = "libc++";
				CLANG_ENABLE_MODULES = YES;
				CLANG_ENABLE_OBJC_ARC = YES;
				CLANG_ENABLE_OBJC_WEAK = YES;
				CLANG_WARN_BLOCK_CAPTURE_AUTORELEASING = YES;
				CLANG_WARN_BOOL_CONVERSION = YES;
				CLANG_WARN_COMMA = YES;
				CLANG_WARN_CONSTANT_CONVERSION = YES;
				CLANG_WARN_DEPRECATED_OBJC_IMPLEMENTATIONS = YES;
				CLANG_WARN_DIRECT_OBJC_ISA_USAGE = YES_ERROR;
				CLANG_WARN_DOCUMENTATION_COMMENTS = YES;
				CLANG_WARN_EMPTY_BODY = YES;
				CLANG_WARN_ENUM_CONVERSION = YES;
				CLANG_WARN_INFINITE_RECURSION = YES;
				CLANG_WARN_INT_CONVERSION = YES;
				CLANG_WARN_NON_LITERAL_NULL_CONVERSION = YES;
				CLANG_WARN_OBJC_IMPLICIT_RETAIN_SELF = YES;
				CLANG_WARN_OBJC_LITERAL_CONVERSION = YES;
				CLANG_WARN_OBJC_ROOT_CLASS = YES_ERROR;
				CLANG_WARN_RANGE_LOOP_ANALYSIS = YES;
				CLANG_WARN_STRICT_PROTOTYPES = YES;
				CLANG_WARN_SUSPICIOUS_MOVE = YES;
				CLANG_WARN_UNGUARDED_AVAILABILITY = YES_AGGRESSIVE;
				CLANG_WARN_UNREACHABLE_CODE = YES;
				CLANG_WARN__DUPLICATE_METHOD_MATCH = YES;
				COPY_PHASE_STRIP = NO;
				DEBUG_INFORMATION_FORMAT = dwarf;
				ENABLE_STRICT_OBJC_MSGSEND = YES;
				ENABLE_TESTABILITY = YES;
				GCC_C_LANGUAGE_STANDARD = gnu11;
				GCC_DYNAMIC_NO_PIC = NO;
				GCC_NO_COMMON_BLOCKS = YES;
				GCC_OPTIMIZATION_LEVEL = 0;
				GCC_PREPROCESSOR_DEFINITIONS = (
					"DEBUG=1",
					"$(inherited)",
				);
				GCC_WARN_64_TO_32_BIT_CONVERSION = YES;
				GCC_WARN_ABOUT_RETURN_TYPE = YES_ERROR;
				GCC_WARN_UNDECLARED_SELECTOR = YES;
				GCC_WARN_UNINITIALIZED_AUTOS = YES_AGGRESSIVE;
				GCC_WARN_UNUSED_FUNCTION = YES;
				GCC_WARN_UNUSED_VARIABLE = YES;
				IPHONEOS_DEPLOYMENT_TARGET = 13.2;
				MTL_ENABLE_DEBUG_INFO = INCLUDE_SOURCE;
				MTL_FAST_MATH = YES;
				ONLY_ACTIVE_ARCH = YES;
				SDKROOT = iphoneos;
				SWIFT_ACTIVE_COMPILATION_CONDITIONS = DEBUG;
				SWIFT_OPTIMIZATION_LEVEL = "-Onone";
			};
			name = Debug;
		};
		875CFC5624B3D0D8001684DA /* Release */ = {
			isa = XCBuildConfiguration;
			buildSettings = {
				ALWAYS_SEARCH_USER_PATHS = NO;
				CLANG_ANALYZER_NONNULL = YES;
				CLANG_ANALYZER_NUMBER_OBJECT_CONVERSION = YES_AGGRESSIVE;
				CLANG_CXX_LANGUAGE_STANDARD = "gnu++14";
				CLANG_CXX_LIBRARY = "libc++";
				CLANG_ENABLE_MODULES = YES;
				CLANG_ENABLE_OBJC_ARC = YES;
				CLANG_ENABLE_OBJC_WEAK = YES;
				CLANG_WARN_BLOCK_CAPTURE_AUTORELEASING = YES;
				CLANG_WARN_BOOL_CONVERSION = YES;
				CLANG_WARN_COMMA = YES;
				CLANG_WARN_CONSTANT_CONVERSION = YES;
				CLANG_WARN_DEPRECATED_OBJC_IMPLEMENTATIONS = YES;
				CLANG_WARN_DIRECT_OBJC_ISA_USAGE = YES_ERROR;
				CLANG_WARN_DOCUMENTATION_COMMENTS = YES;
				CLANG_WARN_EMPTY_BODY = YES;
				CLANG_WARN_ENUM_CONVERSION = YES;
				CLANG_WARN_INFINITE_RECURSION = YES;
				CLANG_WARN_INT_CONVERSION = YES;
				CLANG_WARN_NON_LITERAL_NULL_CONVERSION = YES;
				CLANG_WARN_OBJC_IMPLICIT_RETAIN_SELF = YES;
				CLANG_WARN_OBJC_LITERAL_CONVERSION = YES;
				CLANG_WARN_OBJC_ROOT_CLASS = YES_ERROR;
				CLANG_WARN_RANGE_LOOP_ANALYSIS = YES;
				CLANG_WARN_STRICT_PROTOTYPES = YES;
				CLANG_WARN_SUSPICIOUS_MOVE = YES;
				CLANG_WARN_UNGUARDED_AVAILABILITY = YES_AGGRESSIVE;
				CLANG_WARN_UNREACHABLE_CODE = YES;
				CLANG_WARN__DUPLICATE_METHOD_MATCH = YES;
				COPY_PHASE_STRIP = NO;
				DEBUG_INFORMATION_FORMAT = "dwarf-with-dsym";
				ENABLE_NS_ASSERTIONS = NO;
				ENABLE_STRICT_OBJC_MSGSEND = YES;
				GCC_C_LANGUAGE_STANDARD = gnu11;
				GCC_NO_COMMON_BLOCKS = YES;
				GCC_WARN_64_TO_32_BIT_CONVERSION = YES;
				GCC_WARN_ABOUT_RETURN_TYPE = YES_ERROR;
				GCC_WARN_UNDECLARED_SELECTOR = YES;
				GCC_WARN_UNINITIALIZED_AUTOS = YES_AGGRESSIVE;
				GCC_WARN_UNUSED_FUNCTION = YES;
				GCC_WARN_UNUSED_VARIABLE = YES;
				IPHONEOS_DEPLOYMENT_TARGET = 13.2;
				MTL_ENABLE_DEBUG_INFO = NO;
				MTL_FAST_MATH = YES;
				SDKROOT = iphoneos;
				SWIFT_COMPILATION_MODE = wholemodule;
				SWIFT_OPTIMIZATION_LEVEL = "-O";
				VALIDATE_PRODUCT = YES;
			};
			name = Release;
		};
		875CFC5824B3D0D8001684DA /* Debug */ = {
			isa = XCBuildConfiguration;
			baseConfigurationReference = 76A58E9955929E86AD40C8B9 /* Pods-RxPracticing.debug.xcconfig */;
			buildSettings = {
				ASSETCATALOG_COMPILER_APPICON_NAME = AppIcon;
				CODE_SIGN_STYLE = Automatic;
				DEVELOPMENT_TEAM = 65BYK5SR4J;
				INFOPLIST_FILE = RxPracticing/Info.plist;
				LD_RUNPATH_SEARCH_PATHS = (
					"$(inherited)",
					"@executable_path/Frameworks",
				);
				PRODUCT_BUNDLE_IDENTIFIER = RM.RxPracticing;
				PRODUCT_NAME = "$(TARGET_NAME)";
				SWIFT_VERSION = 5.0;
				TARGETED_DEVICE_FAMILY = "1,2";
			};
			name = Debug;
		};
		875CFC5924B3D0D8001684DA /* Release */ = {
			isa = XCBuildConfiguration;
			baseConfigurationReference = EB58875CEB9A276EA689D003 /* Pods-RxPracticing.release.xcconfig */;
			buildSettings = {
				ASSETCATALOG_COMPILER_APPICON_NAME = AppIcon;
				CODE_SIGN_STYLE = Automatic;
				DEVELOPMENT_TEAM = 65BYK5SR4J;
				INFOPLIST_FILE = RxPracticing/Info.plist;
				LD_RUNPATH_SEARCH_PATHS = (
					"$(inherited)",
					"@executable_path/Frameworks",
				);
				PRODUCT_BUNDLE_IDENTIFIER = RM.RxPracticing;
				PRODUCT_NAME = "$(TARGET_NAME)";
				SWIFT_VERSION = 5.0;
				TARGETED_DEVICE_FAMILY = "1,2";
			};
			name = Release;
		};
/* End XCBuildConfiguration section */

/* Begin XCConfigurationList section */
		875CFC3E24B3D0D6001684DA /* Build configuration list for PBXProject "RxPracticing" */ = {
			isa = XCConfigurationList;
			buildConfigurations = (
				875CFC5524B3D0D8001684DA /* Debug */,
				875CFC5624B3D0D8001684DA /* Release */,
			);
			defaultConfigurationIsVisible = 0;
			defaultConfigurationName = Release;
		};
		875CFC5724B3D0D8001684DA /* Build configuration list for PBXNativeTarget "RxPracticing" */ = {
			isa = XCConfigurationList;
			buildConfigurations = (
				875CFC5824B3D0D8001684DA /* Debug */,
				875CFC5924B3D0D8001684DA /* Release */,
			);
			defaultConfigurationIsVisible = 0;
			defaultConfigurationName = Release;
		};
/* End XCConfigurationList section */
	};
	rootObject = 875CFC3B24B3D0D6001684DA /* Project object */;
}
